
Microsoft Visual Studio Solution File, Format Version 12.00
# Visual Studio Version 16
VisualStudioVersion = 16.0.29306.81
MinimumVisualStudioVersion = 10.0.40219.1
Project("{FAE04EC0-301F-11D3-BF4B-00C04F79EFBC}") = "CursoOnline.DominioTest", "test\CursoOnline.DominioTest\CursoOnline.DominioTest.csproj", "{099A4251-5478-4F90-8EE5-5BE06857A28E}"
EndProject
Project("{FAE04EC0-301F-11D3-BF4B-00C04F79EFBC}") = "CursoOnline.Dominio", "src\CursoOnline.Dominio\CursoOnline.Dominio.csproj", "{3622374B-BAE1-4839-BDA7-937AF97EA053}"
EndProject
Global
	GlobalSection(SolutionConfigurationPlatforms) = preSolution
		Debug|Any CPU = Debug|Any CPU
		Release|Any CPU = Release|Any CPU
	EndGlobalSection
	GlobalSection(ProjectConfigurationPlatforms) = postSolution
		{099A4251-5478-4F90-8EE5-5BE06857A28E}.Debug|Any CPU.ActiveCfg = Debug|Any CPU
		{099A4251-5478-4F90-8EE5-5BE06857A28E}.Debug|Any CPU.Build.0 = Debug|Any CPU
		{099A4251-5478-4F90-8EE5-5BE06857A28E}.Release|Any CPU.ActiveCfg = Release|Any CPU
		{099A4251-5478-4F90-8EE5-5BE06857A28E}.Release|Any CPU.Build.0 = Release|Any CPU
		{3622374B-BAE1-4839-BDA7-937AF97EA053}.Debug|Any CPU.ActiveCfg = Debug|Any CPU
		{3622374B-BAE1-4839-BDA7-937AF97EA053}.Debug|Any CPU.Build.0 = Debug|Any CPU
		{3622374B-BAE1-4839-BDA7-937AF97EA053}.Release|Any CPU.ActiveCfg = Release|Any CPU
		{3622374B-BAE1-4839-BDA7-937AF97EA053}.Release|Any CPU.Build.0 = Release|Any CPU
	EndGlobalSection
	GlobalSection(SolutionProperties) = preSolution
		HideSolutionNode = FALSE
	EndGlobalSection
	GlobalSection(ExtensibilityGlobals) = postSolution
		SolutionGuid = {AB9E820D-E2DD-4036-9AE6-B9AAC165B18A}
	EndGlobalSection
EndGlobal
