
Microsoft Visual Studio Solution File, Format Version 12.00
# Visual Studio Version 16
VisualStudioVersion = 16.0.29306.81
MinimumVisualStudioVersion = 10.0.40219.1
Project("{FAE04EC0-301F-11D3-BF4B-00C04F79EFBC}") = "AnimatedConsole", "AnimatedConsole\AnimatedConsole.csproj", "{9B84013D-19D3-44C8-8272-DF1505513D4F}"
EndProject
Global
	GlobalSection(SolutionConfigurationPlatforms) = preSolution
		Debug|Any CPU = Debug|Any CPU
		Release|Any CPU = Release|Any CPU
	EndGlobalSection
	GlobalSection(ProjectConfigurationPlatforms) = postSolution
		{9B84013D-19D3-44C8-8272-DF1505513D4F}.Debug|Any CPU.ActiveCfg = Debug|Any CPU
		{9B84013D-19D3-44C8-8272-DF1505513D4F}.Debug|Any CPU.Build.0 = Debug|Any CPU
		{9B84013D-19D3-44C8-8272-DF1505513D4F}.Release|Any CPU.ActiveCfg = Release|Any CPU
		{9B84013D-19D3-44C8-8272-DF1505513D4F}.Release|Any CPU.Build.0 = Release|Any CPU
	EndGlobalSection
	GlobalSection(SolutionProperties) = preSolution
		HideSolutionNode = FALSE
	EndGlobalSection
	GlobalSection(ExtensibilityGlobals) = postSolution
		SolutionGuid = {7D13BA0B-A7CE-4997-9B68-0E4E94C627AA}
	EndGlobalSection
EndGlobal
